<?xml version="1.0" encoding="utf-8"?>
<Project ToolsVersion="4.0" xmlns="http://schemas.microsoft.com/developer/msbuild/2003">
  <ItemGroup>
    <Filter Include="Quelldateien">
      <UniqueIdentifier>{4FC737F1-C7A5-4376-A066-2A32D752A2FF}</UniqueIdentifier>
      <Extensions>cpp;c;cc;cxx;def;odl;idl;hpj;bat;asm;asmx</Extensions>
    </Filter>
    <Filter Include="Headerdateien">
      <UniqueIdentifier>{93995380-89BD-4b04-88EB-625FBE52EBFB}</UniqueIdentifier>
      <Extensions>h;hh;hpp;hxx;hm;inl;inc;xsd</Extensions>
    </Filter>
    <Filter Include="Ressourcendateien">
      <UniqueIdentifier>{67DA6AB6-F800-4c08-8B7A-83BB121AAD01}</UniqueIdentifier>
      <Extensions>rc;ico;cur;bmp;dlg;rc2;rct;bin;rgs;gif;jpg;jpeg;jpe;resx;tiff;tif;png;wav;mfcribbon-ms</Extensions>
    </Filter>
  </ItemGroup>
  <ItemGroup>
    <ClCompile Include="main.cpp">
      <Filter>Quelldateien</Filter>
    </ClCompile>
    <ClCompile Include="src\entity\Entity.cpp">
      <Filter>Quelldateien</Filter>
    </ClCompile>
    <ClCompile Include="src\math\mat4.cpp">
      <Filter>Quelldateien</Filter>
    </ClCompile>
    <ClCompile Include="src\entity\Camera.cpp">
      <Filter>Quelldateien</Filter>
    </ClCompile>
    <ClCompile Include="src\graphics\Mesh.cpp">
      <Filter>Quelldateien</Filter>
    </ClCompile>
    <ClCompile Include="src\math\Quaternion.cpp">
      <Filter>Quelldateien</Filter>
    </ClCompile>
    <ClCompile Include="src\platform\windows\InputManager.cpp">
      <Filter>Quelldateien</Filter>
    </ClCompile>
    <ClCompile Include="src\entity\Light.cpp">
      <Filter>Quelldateien</Filter>
    </ClCompile>
    <ClCompile Include="src\utils\Time.cpp">
      <Filter>Quelldateien</Filter>
    </ClCompile>
    <ClCompile Include="src\graphics\animation\Animation.cpp">
      <Filter>Quelldateien</Filter>
    </ClCompile>
    <ClCompile Include="src\utils\Log.cpp">
      <Filter>Quelldateien</Filter>
    </ClCompile>
    <ClCompile Include="src\graphics\animation\interpolation.cpp">
      <Filter>Quelldateien</Filter>
    </ClCompile>
    <ClCompile Include="src\utils\types\String.cpp">
      <Filter>Quelldateien</Filter>
    </ClCompile>
    <ClCompile Include="src\systems\SystemManager.cpp">
      <Filter>Quelldateien</Filter>
    </ClCompile>
    <ClCompile Include="src\systems\System.cpp">
      <Filter>Quelldateien</Filter>
    </ClCompile>
    <ClCompile Include="src\systems\AnimationManager.cpp">
      <Filter>Quelldateien</Filter>
    </ClCompile>
    <ClCompile Include="src\graphics\animation\AnimationLoader.cpp">
      <Filter>Quelldateien</Filter>
    </ClCompile>
    <ClCompile Include="src\entity\FollowCamera.cpp">
      <Filter>Quelldateien</Filter>
    </ClCompile>
    <ClCompile Include="src\systems\CollisionManager.cpp">
      <Filter>Quelldateien</Filter>
    </ClCompile>
    <ClCompile Include="src\platform\windows\Console.cpp">
      <Filter>Quelldateien</Filter>
    </ClCompile>
    <ClCompile Include="src\platform\windows\window.cpp">
      <Filter>Quelldateien</Filter>
    </ClCompile>
    <ClCompile Include="src\entity\Terrain.cpp">
      <Filter>Quelldateien</Filter>
    </ClCompile>
    <ClCompile Include="src\math\Vec3.cpp">
      <Filter>Quelldateien</Filter>
    </ClCompile>
    <ClCompile Include="src\debug\ATB.cpp">
      <Filter>Quelldateien</Filter>
    </ClCompile>
    <ClCompile Include="tests\Game.cpp">
      <Filter>Quelldateien</Filter>
    </ClCompile>
    <ClCompile Include="src\input\InputContext.cpp">
      <Filter>Quelldateien</Filter>
    </ClCompile>
    <ClCompile Include="src\input\InputMapper.cpp">
      <Filter>Quelldateien</Filter>
    </ClCompile>
    <ClCompile Include="src\input\RangeConverter.cpp">
      <Filter>Quelldateien</Filter>
    </ClCompile>
    <ClCompile Include="src\input\RawInput.cpp">
      <Filter>Quelldateien</Filter>
    </ClCompile>
    <ClCompile Include="src\utils\FileUtils.cpp">
      <Filter>Quelldateien</Filter>
    </ClCompile>
    <ClCompile Include="src\application\Application.cpp">
      <Filter>Quelldateien</Filter>
    </ClCompile>
    <ClCompile Include="src\audio\AudioSource.cpp">
      <Filter>Quelldateien</Filter>
    </ClCompile>
    <ClCompile Include="src\graphics\Renderable2D.cpp">
      <Filter>Quelldateien</Filter>
    </ClCompile>
    <ClCompile Include="src\renderapi\opengles\GLESTexture2D.cpp">
      <Filter>Quelldateien</Filter>
    </ClCompile>
    <ClCompile Include="src\renderapi\opengl\VertexBuffer.cpp">
      <Filter>Quelldateien</Filter>
    </ClCompile>
    <ClCompile Include="src\renderapi\opengl\GLFramebuffer.cpp">
      <Filter>Quelldateien</Filter>
    </ClCompile>
    <ClCompile Include="src\renderapi\opengl\GLCubemap.cpp">
      <Filter>Quelldateien</Filter>
    </ClCompile>
    <ClCompile Include="src\renderapi\opengl\GLRenderer.cpp">
      <Filter>Quelldateien</Filter>
    </ClCompile>
    <ClCompile Include="src\renderapi\opengl\GLShader.cpp">
      <Filter>Quelldateien</Filter>
    </ClCompile>
    <ClCompile Include="src\renderapi\opengl\GLTexture2D.cpp">
      <Filter>Quelldateien</Filter>
    </ClCompile>
    <ClCompile Include="src\entity\Scene.cpp">
      <Filter>Quelldateien</Filter>
    </ClCompile>
    <ClCompile Include="src\renderapi\opengl\GLContext.cpp">
      <Filter>Quelldateien</Filter>
    </ClCompile>
    <ClCompile Include="src\renderapi\opengl\GLLoader.cpp">
      <Filter>Headerdateien</Filter>
    </ClCompile>
    <ClCompile Include="src\scripting\lua\lapi.c">
      <Filter>Quelldateien</Filter>
    </ClCompile>
    <ClCompile Include="src\scripting\lua\lzio.c">
      <Filter>Quelldateien</Filter>
    </ClCompile>
    <ClCompile Include="src\scripting\lua\lutf8lib.c">
      <Filter>Quelldateien</Filter>
    </ClCompile>
    <ClCompile Include="src\scripting\lua\lvm.c">
      <Filter>Quelldateien</Filter>
    </ClCompile>
    <ClCompile Include="src\scripting\lua\lundump.c">
      <Filter>Quelldateien</Filter>
    </ClCompile>
    <ClCompile Include="src\scripting\lua\lauxlib.c">
      <Filter>Quelldateien</Filter>
    </ClCompile>
    <ClCompile Include="src\scripting\lua\lbaselib.c">
      <Filter>Quelldateien</Filter>
    </ClCompile>
    <ClCompile Include="src\scripting\lua\lbitlib.c">
      <Filter>Quelldateien</Filter>
    </ClCompile>
    <ClCompile Include="src\scripting\lua\lcode.c">
      <Filter>Quelldateien</Filter>
    </ClCompile>
    <ClCompile Include="src\scripting\lua\lcorolib.c">
      <Filter>Quelldateien</Filter>
    </ClCompile>
    <ClCompile Include="src\scripting\lua\lctype.c">
      <Filter>Quelldateien</Filter>
    </ClCompile>
    <ClCompile Include="src\scripting\lua\ldblib.c">
      <Filter>Quelldateien</Filter>
    </ClCompile>
    <ClCompile Include="src\scripting\lua\ldebug.c">
      <Filter>Quelldateien</Filter>
    </ClCompile>
    <ClCompile Include="src\scripting\lua\ldo.c">
      <Filter>Quelldateien</Filter>
    </ClCompile>
    <ClCompile Include="src\scripting\lua\ldump.c">
      <Filter>Quelldateien</Filter>
    </ClCompile>
    <ClCompile Include="src\scripting\lua\lfunc.c">
      <Filter>Quelldateien</Filter>
    </ClCompile>
    <ClCompile Include="src\scripting\lua\lgc.c">
      <Filter>Quelldateien</Filter>
    </ClCompile>
    <ClCompile Include="src\scripting\lua\linit.c">
      <Filter>Quelldateien</Filter>
    </ClCompile>
    <ClCompile Include="src\scripting\lua\liolib.c">
      <Filter>Quelldateien</Filter>
    </ClCompile>
    <ClCompile Include="src\scripting\lua\llex.c">
      <Filter>Quelldateien</Filter>
    </ClCompile>
    <ClCompile Include="src\scripting\lua\lmathlib.c">
      <Filter>Quelldateien</Filter>
    </ClCompile>
    <ClCompile Include="src\scripting\lua\lmem.c">
      <Filter>Quelldateien</Filter>
    </ClCompile>
    <ClCompile Include="src\scripting\lua\loadlib.c">
      <Filter>Quelldateien</Filter>
    </ClCompile>
    <ClCompile Include="src\scripting\lua\lobject.c">
      <Filter>Quelldateien</Filter>
    </ClCompile>
    <ClCompile Include="src\scripting\lua\lopcodes.c">
      <Filter>Quelldateien</Filter>
    </ClCompile>
    <ClCompile Include="src\scripting\lua\loslib.c">
      <Filter>Quelldateien</Filter>
    </ClCompile>
    <ClCompile Include="src\scripting\lua\lparser.c">
      <Filter>Quelldateien</Filter>
    </ClCompile>
    <ClCompile Include="src\scripting\lua\lstate.c">
      <Filter>Quelldateien</Filter>
    </ClCompile>
    <ClCompile Include="src\scripting\lua\lstring.c">
      <Filter>Quelldateien</Filter>
    </ClCompile>
    <ClCompile Include="src\scripting\lua\lstrlib.c">
      <Filter>Quelldateien</Filter>
    </ClCompile>
    <ClCompile Include="src\scripting\lua\ltable.c">
      <Filter>Quelldateien</Filter>
    </ClCompile>
    <ClCompile Include="src\scripting\lua\ltablib.c">
      <Filter>Quelldateien</Filter>
    </ClCompile>
    <ClCompile Include="src\scripting\lua\ltm.c">
      <Filter>Quelldateien</Filter>
    </ClCompile>
    <ClCompile Include="src\scripting\lua\lua.c">
      <Filter>Quelldateien</Filter>
    </ClCompile>
    <ClCompile Include="src\scripting\lua\luac.c">
      <Filter>Quelldateien</Filter>
    </ClCompile>
    <ClCompile Include="src\threadding\Worker.cpp">
      <Filter>Quelldateien</Filter>
    </ClCompile>
    <ClCompile Include="src\scripting\LuaScript.cpp">
      <Filter>Quelldateien</Filter>
    </ClCompile>
    <ClCompile Include="src\scripting\ScriptManager.cpp">
      <Filter>Quelldateien</Filter>
    </ClCompile>
    <ClCompile Include="src\graphics\pbr\PBRMaterial.cpp">
      <Filter>Quelldateien</Filter>
    </ClCompile>
    <ClCompile Include="src\asset\AssetLoader.cpp">
      <Filter>Quelldateien</Filter>
    </ClCompile>
    <ClCompile Include="src\asset\AssetParser.cpp">
      <Filter>Quelldateien</Filter>
    </ClCompile>
    <ClCompile Include="src\entity\EntityManager.cpp">
      <Filter>Quelldateien</Filter>
    </ClCompile>
    <ClCompile Include="src\memory\allocator\IAllocator.cpp">
      <Filter>Quelldateien</Filter>
    </ClCompile>
    <ClCompile Include="src\memory\allocator\LinearAllocator.cpp">
      <Filter>Quelldateien</Filter>
    </ClCompile>
    <ClCompile Include="src\memory\allocator\PoolAllocator.cpp">
      <Filter>Quelldateien</Filter>
    </ClCompile>
    <ClCompile Include="src\memory\LookupHandle.cpp">
      <Filter>Quelldateien</Filter>
    </ClCompile>
    <ClCompile Include="src\memory\PoolContainer.cpp">
      <Filter>Quelldateien</Filter>
    </ClCompile>
  </ItemGroup>
  <ItemGroup>
    <ClInclude Include="src\entity\Entity.h">
      <Filter>Headerdateien</Filter>
    </ClInclude>
    <ClInclude Include="src\math\maths.h">
      <Filter>Headerdateien</Filter>
    </ClInclude>
    <ClInclude Include="src\entity\Camera.h">
      <Filter>Headerdateien</Filter>
    </ClInclude>
    <ClInclude Include="src\utils\meshloader.h">
      <Filter>Headerdateien</Filter>
    </ClInclude>
    <ClInclude Include="src\math\vec2.h">
      <Filter>Headerdateien</Filter>
    </ClInclude>
    <ClInclude Include="src\graphics\Mesh.h">
      <Filter>Headerdateien</Filter>
    </ClInclude>
    <ClInclude Include="src\math\math_def.h">
      <Filter>Headerdateien</Filter>
    </ClInclude>
    <ClInclude Include="src\math\vertex.h">
      <Filter>Headerdateien</Filter>
    </ClInclude>
    <ClInclude Include="src\math\Quaternion.h">
      <Filter>Headerdateien</Filter>
    </ClInclude>
    <ClInclude Include="src\renderapi\opengl\openglAPI.h">
      <Filter>Headerdateien</Filter>
    </ClInclude>
    <ClInclude Include="src\renderapi\directx\directxAPI.h">
      <Filter>Headerdateien</Filter>
    </ClInclude>
    <ClInclude Include="src\renderapi\opengles\openglesAPI.h">
      <Filter>Headerdateien</Filter>
    </ClInclude>
    <ClInclude Include="src\platform\windowAPI.h">
      <Filter>Headerdateien</Filter>
    </ClInclude>
    <ClInclude Include="src\platform\windows\window.h">
      <Filter>Headerdateien</Filter>
    </ClInclude>
    <ClInclude Include="src\platform\windows\InputManager.h">
      <Filter>Headerdateien</Filter>
    </ClInclude>
    <ClInclude Include="src\entity\Light.h">
      <Filter>Headerdateien</Filter>
    </ClInclude>
    <ClInclude Include="src\graphics\Material.h">
      <Filter>Headerdateien</Filter>
    </ClInclude>
    <ClInclude Include="src\graphics\Model.h">
      <Filter>Headerdateien</Filter>
    </ClInclude>
    <ClInclude Include="src\utils\Time.h">
      <Filter>Headerdateien</Filter>
    </ClInclude>
    <ClInclude Include="src\systems\System.h">
      <Filter>Headerdateien</Filter>
    </ClInclude>
    <ClInclude Include="src\systems\SystemManager.h">
      <Filter>Headerdateien</Filter>
    </ClInclude>
    <ClInclude Include="src\graphics\animation\Animation.h">
      <Filter>Headerdateien</Filter>
    </ClInclude>
    <ClInclude Include="src\entity\component\Transform.h">
      <Filter>Headerdateien</Filter>
    </ClInclude>
    <ClInclude Include="src\utils\Log.h">
      <Filter>Headerdateien</Filter>
    </ClInclude>
    <ClInclude Include="src\graphics\animation\interpolation.h">
      <Filter>Headerdateien</Filter>
    </ClInclude>
    <ClInclude Include="src\utils\types\String.h">
      <Filter>Headerdateien</Filter>
    </ClInclude>
    <ClInclude Include="src\entity\mesh\plane.h">
      <Filter>Headerdateien</Filter>
    </ClInclude>
    <ClInclude Include="src\systems\messageing\Event.h">
      <Filter>Headerdateien</Filter>
    </ClInclude>
    <ClInclude Include="src\systems\messageing\EventDispatcher.h">
      <Filter>Headerdateien</Filter>
    </ClInclude>
    <ClInclude Include="src\systems\messageing\EventHandler.h">
      <Filter>Headerdateien</Filter>
    </ClInclude>
    <ClInclude Include="src\systems\messageing\types\KeyPressedEvent.h">
      <Filter>Headerdateien</Filter>
    </ClInclude>
    <ClInclude Include="src\systems\AnimationManager.h">
      <Filter>Headerdateien</Filter>
    </ClInclude>
    <ClInclude Include="src\graphics\animation\skinning\AnimationClip.h">
      <Filter>Headerdateien</Filter>
    </ClInclude>
    <ClInclude Include="src\graphics\animation\skinning\AnimationSample.h">
      <Filter>Headerdateien</Filter>
    </ClInclude>
    <ClInclude Include="src\graphics\animation\skinning\Joint.h">
      <Filter>Headerdateien</Filter>
    </ClInclude>
    <ClInclude Include="src\graphics\animation\skinning\JointPose.h">
      <Filter>Headerdateien</Filter>
    </ClInclude>
    <ClInclude Include="src\graphics\animation\skinning\skeleton.h">
      <Filter>Headerdateien</Filter>
    </ClInclude>
    <ClInclude Include="src\graphics\animation\skinning\SkeletonPose.h">
      <Filter>Headerdateien</Filter>
    </ClInclude>
    <ClInclude Include="src\graphics\animation\skinning\SkinnedVertex.h">
      <Filter>Headerdateien</Filter>
    </ClInclude>
    <ClInclude Include="src\graphics\animation\AnimationHandle.h">
      <Filter>Headerdateien</Filter>
    </ClInclude>
    <ClInclude Include="src\entity\component\Animatable.h">
      <Filter>Headerdateien</Filter>
    </ClInclude>
    <ClInclude Include="src\importAnimations.h">
      <Filter>Headerdateien</Filter>
    </ClInclude>
    <ClInclude Include="src\graphics\animation\AnimationLoader.h">
      <Filter>Headerdateien</Filter>
    </ClInclude>
    <ClInclude Include="src\graphics\animation\skinning\RenderableSkin.h">
      <Filter>Headerdateien</Filter>
    </ClInclude>
    <ClInclude Include="src\systems\messageing\types\AnimationEvent.h">
      <Filter>Headerdateien</Filter>
    </ClInclude>
    <ClInclude Include="src\entity\FollowCamera.h">
      <Filter>Headerdateien</Filter>
    </ClInclude>
    <ClInclude Include="src\systems\CollisionManager.h">
      <Filter>Headerdateien</Filter>
    </ClInclude>
    <ClInclude Include="src\collision\AABB.h">
      <Filter>Headerdateien</Filter>
    </ClInclude>
    <ClInclude Include="src\collision\CollisionShape.h">
      <Filter>Headerdateien</Filter>
    </ClInclude>
    <ClInclude Include="src\platform\windows\Console.h">
      <Filter>Headerdateien</Filter>
    </ClInclude>
    <ClInclude Include="src\entity\Terrain.h">
      <Filter>Headerdateien</Filter>
    </ClInclude>
    <ClInclude Include="src\math\Vec3.h">
      <Filter>Headerdateien</Filter>
    </ClInclude>
    <ClInclude Include="src\debug\ATB.h">
      <Filter>Headerdateien</Filter>
    </ClInclude>
    <ClInclude Include="tests\Game.h">
      <Filter>Headerdateien</Filter>
    </ClInclude>
    <ClInclude Include="src\input\rawinputconstants.h">
      <Filter>Headerdateien</Filter>
    </ClInclude>
    <ClInclude Include="src\input\inputconstants.h">
      <Filter>Headerdateien</Filter>
    </ClInclude>
    <ClInclude Include="src\input\MappedInput.h">
      <Filter>Headerdateien</Filter>
    </ClInclude>
    <ClInclude Include="src\input\InputContext.h">
      <Filter>Headerdateien</Filter>
    </ClInclude>
    <ClInclude Include="src\input\InputMapper.h">
      <Filter>Headerdateien</Filter>
    </ClInclude>
    <ClInclude Include="src\utils\xmlreader\rapidxml.hpp">
      <Filter>Headerdateien</Filter>
    </ClInclude>
    <ClInclude Include="src\utils\xmlreader\rapidxml_iterators.hpp">
      <Filter>Headerdateien</Filter>
    </ClInclude>
    <ClInclude Include="src\utils\xmlreader\rapidxml_print.hpp">
      <Filter>Headerdateien</Filter>
    </ClInclude>
    <ClInclude Include="src\utils\xmlreader\rapidxml_utils.hpp">
      <Filter>Headerdateien</Filter>
    </ClInclude>
    <ClInclude Include="src\input\RangeConverter.h">
      <Filter>Headerdateien</Filter>
    </ClInclude>
    <ClInclude Include="src\input\RawInput.h">
      <Filter>Headerdateien</Filter>
    </ClInclude>
    <ClInclude Include="src\utils\FileUtils.h">
      <Filter>Headerdateien</Filter>
    </ClInclude>
    <ClInclude Include="src\application\Application.h">
      <Filter>Headerdateien</Filter>
    </ClInclude>
    <ClInclude Include="src\audio\AudioSource.h">
      <Filter>Headerdateien</Filter>
    </ClInclude>
    <ClInclude Include="src\graphics\Renderable2D.h">
      <Filter>Headerdateien</Filter>
    </ClInclude>
    <ClInclude Include="src\renderapi\opengl\GLCommon.h">
      <Filter>Headerdateien</Filter>
    </ClInclude>
    <ClInclude Include="src\renderapi\opengles\GLESCommon.h">
      <Filter>Headerdateien</Filter>
    </ClInclude>
    <ClInclude Include="src\renderapi\opengles\GLESTexture2D.h">
      <Filter>Headerdateien</Filter>
    </ClInclude>
    <ClInclude Include="src\renderapi\opengl\GLTypes.h">
      <Filter>Headerdateien</Filter>
    </ClInclude>
    <ClInclude Include="src\graphics\api\Texture.h">
      <Filter>Headerdateien</Filter>
    </ClInclude>
    <ClInclude Include="src\graphics\api\Framebuffer.h">
      <Filter>Headerdateien</Filter>
    </ClInclude>
    <ClInclude Include="src\graphics\api\Cubemap.h">
      <Filter>Headerdateien</Filter>
    </ClInclude>
    <ClInclude Include="src\graphics\api\VertexBuffer.h">
      <Filter>Headerdateien</Filter>
    </ClInclude>
    <ClInclude Include="src\graphics\api\Shader.h">
      <Filter>Headerdateien</Filter>
    </ClInclude>
    <ClInclude Include="src\graphics\api\Renderer.h">
      <Filter>Headerdateien</Filter>
    </ClInclude>
    <ClInclude Include="src\graphics\api\Loader.h">
      <Filter>Headerdateien</Filter>
    </ClInclude>
    <ClInclude Include="src\entity\Scene.h">
      <Filter>Headerdateien</Filter>
    </ClInclude>
    <ClInclude Include="src\common\types.h">
      <Filter>Headerdateien</Filter>
    </ClInclude>
    <ClInclude Include="src\common\state.h">
      <Filter>Headerdateien</Filter>
    </ClInclude>
    <ClInclude Include="src\common\common.h">
      <Filter>Headerdateien</Filter>
    </ClInclude>
    <ClInclude Include="src\common\engine.h">
      <Filter>Headerdateien</Filter>
    </ClInclude>
    <ClInclude Include="src\graphics\api\Context.h">
      <Filter>Headerdateien</Filter>
    </ClInclude>
    <ClInclude Include="src\scripting\lua\lundump.h">
      <Filter>Headerdateien</Filter>
    </ClInclude>
    <ClInclude Include="src\scripting\lua\lvm.h">
      <Filter>Headerdateien</Filter>
    </ClInclude>
    <ClInclude Include="src\scripting\lua\lzio.h">
      <Filter>Headerdateien</Filter>
    </ClInclude>
    <ClInclude Include="src\scripting\lua\lapi.h">
      <Filter>Headerdateien</Filter>
    </ClInclude>
    <ClInclude Include="src\scripting\lua\lauxlib.h">
      <Filter>Headerdateien</Filter>
    </ClInclude>
    <ClInclude Include="src\scripting\lua\lcode.h">
      <Filter>Headerdateien</Filter>
    </ClInclude>
    <ClInclude Include="src\scripting\lua\lctype.h">
      <Filter>Headerdateien</Filter>
    </ClInclude>
    <ClInclude Include="src\scripting\lua\ldebug.h">
      <Filter>Headerdateien</Filter>
    </ClInclude>
    <ClInclude Include="src\scripting\lua\ldo.h">
      <Filter>Headerdateien</Filter>
    </ClInclude>
    <ClInclude Include="src\scripting\lua\lfunc.h">
      <Filter>Headerdateien</Filter>
    </ClInclude>
    <ClInclude Include="src\scripting\lua\lgc.h">
      <Filter>Headerdateien</Filter>
    </ClInclude>
    <ClInclude Include="src\scripting\lua\llex.h">
      <Filter>Headerdateien</Filter>
    </ClInclude>
    <ClInclude Include="src\scripting\lua\llimits.h">
      <Filter>Headerdateien</Filter>
    </ClInclude>
    <ClInclude Include="src\scripting\lua\lmem.h">
      <Filter>Headerdateien</Filter>
    </ClInclude>
    <ClInclude Include="src\scripting\lua\lobject.h">
      <Filter>Headerdateien</Filter>
    </ClInclude>
    <ClInclude Include="src\scripting\lua\lopcodes.h">
      <Filter>Headerdateien</Filter>
    </ClInclude>
    <ClInclude Include="src\scripting\lua\lparser.h">
      <Filter>Headerdateien</Filter>
    </ClInclude>
    <ClInclude Include="src\scripting\lua\lprefix.h">
      <Filter>Headerdateien</Filter>
    </ClInclude>
    <ClInclude Include="src\scripting\lua\lstate.h">
      <Filter>Headerdateien</Filter>
    </ClInclude>
    <ClInclude Include="src\scripting\lua\lstring.h">
      <Filter>Headerdateien</Filter>
    </ClInclude>
    <ClInclude Include="src\scripting\lua\ltable.h">
      <Filter>Headerdateien</Filter>
    </ClInclude>
    <ClInclude Include="src\scripting\lua\ltm.h">
      <Filter>Headerdateien</Filter>
    </ClInclude>
    <ClInclude Include="src\scripting\lua\lua.h">
      <Filter>Headerdateien</Filter>
    </ClInclude>
    <ClInclude Include="src\scripting\lua\lua.hpp">
      <Filter>Headerdateien</Filter>
    </ClInclude>
    <ClInclude Include="src\scripting\lua\luaconf.h">
      <Filter>Headerdateien</Filter>
    </ClInclude>
    <ClInclude Include="src\scripting\lua\lualib.h">
      <Filter>Headerdateien</Filter>
    </ClInclude>
    <ClInclude Include="src\threadding\Worker.h">
      <Filter>Headerdateien</Filter>
    </ClInclude>
    <ClInclude Include="src\scripting\LuaScript.h">
      <Filter>Headerdateien</Filter>
    </ClInclude>
    <ClInclude Include="src\scripting\ScriptManager.h">
      <Filter>Headerdateien</Filter>
    </ClInclude>
    <ClInclude Include="src\graphics\pbr\PBRMaterial.h">
      <Filter>Headerdateien</Filter>
    </ClInclude>
    <ClInclude Include="src\asset\AssetLoader.h">
      <Filter>Headerdateien</Filter>
    </ClInclude>
    <ClInclude Include="src\asset\AssetParser.h">
      <Filter>Headerdateien</Filter>
    </ClInclude>
    <ClInclude Include="src\entity\EntityManager.h">
      <Filter>Headerdateien</Filter>
    </ClInclude>
    <ClInclude Include="src\memory\allocator\IAllocator.h">
      <Filter>Headerdateien</Filter>
    </ClInclude>
    <ClInclude Include="src\memory\allocator\LinearAllocator.h">
      <Filter>Headerdateien</Filter>
    </ClInclude>
    <ClInclude Include="src\memory\allocator\PoolAllocator.h">
      <Filter>Headerdateien</Filter>
    </ClInclude>
    <ClInclude Include="src\memory\LookupHandle.h">
      <Filter>Headerdateien</Filter>
    </ClInclude>
    <ClInclude Include="src\memory\PoolContainer.h">
      <Filter>Headerdateien</Filter>
    </ClInclude>
    <ClInclude Include="src\math\mat4.h">
      <Filter>Headerdateien</Filter>
    </ClInclude>
    <ClInclude Include="src\collision\Collidable2D.h">
      <Filter>Headerdateien</Filter>
    </ClInclude>
    <ClInclude Include="src\collision\Collidable3D.h">
      <Filter>Headerdateien</Filter>
    </ClInclude>
  </ItemGroup>
  <ItemGroup>
    <None Include="res\shader\ui\uishader.frag" />
    <None Include="res\shader\ui\uishader.vert" />
    <None Include="res\scripts\test.lua" />
    <None Include="res\shader\default\default.frag" />
    <None Include="res\shader\default\default.vert" />
    <None Include="res\shader\terrain\terrainshader.frag" />
    <None Include="res\shader\terrain\terrainshader.vert" />
    <None Include="res\shader\tests\testShader.frag" />
    <None Include="res\shader\tests\testshader.vert" />
    <None Include="res\shader\default\boxshader.vert" />
    <None Include="res\shader\default\boxshader.frag" />
    <None Include="res\shader\environment\environmentShader.frag" />
    <None Include="res\shader\environment\environmentShader.vert" />
    <None Include="res\shader\default\defaultmaterial.vert" />
    <None Include="res\shader\default\defaultmaterial.frag" />
    <None Include="res\shader\default\aabbshader.vert" />
    <None Include="res\shader\default\aabbshader.frag" />
    <None Include="res\shader\default\basic.frag" />
    <None Include="res\shader\default\basic.vert" />
    <None Include="res\entities\test.lua" />
    <None Include="res\shader\post_processing\blurring.glsl" />
    <None Include="res\shader\animation\rigshader.glsl" />
    <None Include="res\shader\material\pbr_material.glsl" />
    <None Include="res\shader\post_processing\combine.glsl" />
    <None Include="res\shader\example.glsl" />
    <None Include="res\shader\post_processing\one_color.glsl" />
  </ItemGroup>
  <ItemGroup>
    <Xml Include="res\inputmapping\contexts.xml" />
    <Xml Include="res\inputmapping\default_input_context.xml" />
  </ItemGroup>
  <ItemGroup>
    <Text Include="src\common\convention.txt" />
  </ItemGroup>
</Project>